
Microsoft Visual Studio Solution File, Format Version 12.00
# Visual Studio Version 17
VisualStudioVersion = 17.0.31903.59
MinimumVisualStudioVersion = 10.0.40219.1
Project("{2150E333-8FDC-42A3-9474-1A3956D46DE8}") = "src", "src", "{827E0CD3-B72D-47B6-A68D-7590B98EB39B}"
EndProject
Project("{FAE04EC0-301F-11D3-BF4B-00C04F79EFBC}") = "Wallet.Api", "src\SimpleWallet.Api\Wallet.Api.csproj", "{9B3914B6-A0BC-446B-A18C-33048F19E214}"
EndProject
Project("{FAE04EC0-301F-11D3-BF4B-00C04F79EFBC}") = "Wallet.Domain", "src\SimpleWallet.Domain\Wallet.Domain.csproj", "{0A53C1E7-7E0A-4660-B3C6-A9D02A9322E4}"
EndProject
Project("{FAE04EC0-301F-11D3-BF4B-00C04F79EFBC}") = "Wallet.Application", "src\SimpleWallet.Application\Wallet.Application.csproj", "{9C037CE7-A9AB-4D71-A55C-852C13A1C81C}"
EndProject
Project("{FAE04EC0-301F-11D3-BF4B-00C04F79EFBC}") = "Wallet.Infrastructure", "src\SimpleWallet.Infrastructure\Wallet.Infrastructure.csproj", "{BD717F00-BDFC-4DBD-ACE8-78AABDCD7A37}"
EndProject
Project("{2150E333-8FDC-42A3-9474-1A3956D46DE8}") = "SimpleWallet.Tests", "SimpleWallet.Tests", "{A34F188D-FF5F-CC0C-FA83-AFB6C6DEB1CD}"
EndProject
Project("{FAE04EC0-301F-11D3-BF4B-00C04F79EFBC}") = "Wallet.UnitTests", "src\SimpleWallet.Tests\Wallet.UnitTests\Wallet.UnitTests.csproj", "{8BBA8CC6-51F0-4A3B-8B89-FE323D3DAEE6}"
EndProject
Project("{FAE04EC0-301F-11D3-BF4B-00C04F79EFBC}") = "Wallet.IntegrationTests", "src\SimpleWallet.Tests\Wallet.IntegrationTests\Wallet.IntegrationTests.csproj", "{7C8F9E1A-9B2C-4D5E-A1B3-C9F8E7D6A5B4}"
EndProject
Global
	GlobalSection(SolutionConfigurationPlatforms) = preSolution
		Debug|Any CPU = Debug|Any CPU
		Debug|x64 = Debug|x64
		Debug|x86 = Debug|x86
		Release|Any CPU = Release|Any CPU
		Release|x64 = Release|x64
		Release|x86 = Release|x86
	EndGlobalSection
	GlobalSection(ProjectConfigurationPlatforms) = postSolution
		{9B3914B6-A0BC-446B-A18C-33048F19E214}.Debug|Any CPU.ActiveCfg = Debug|Any CPU
		{9B3914B6-A0BC-446B-A18C-33048F19E214}.Debug|Any CPU.Build.0 = Debug|Any CPU
		{9B3914B6-A0BC-446B-A18C-33048F19E214}.Debug|x64.ActiveCfg = Debug|Any CPU
		{9B3914B6-A0BC-446B-A18C-33048F19E214}.Debug|x64.Build.0 = Debug|Any CPU
		{9B3914B6-A0BC-446B-A18C-33048F19E214}.Debug|x86.ActiveCfg = Debug|Any CPU
		{9B3914B6-A0BC-446B-A18C-33048F19E214}.Debug|x86.Build.0 = Debug|Any CPU
		{9B3914B6-A0BC-446B-A18C-33048F19E214}.Release|Any CPU.ActiveCfg = Release|Any CPU
		{9B3914B6-A0BC-446B-A18C-33048F19E214}.Release|Any CPU.Build.0 = Release|Any CPU
		{9B3914B6-A0BC-446B-A18C-33048F19E214}.Release|x64.ActiveCfg = Release|Any CPU
		{9B3914B6-A0BC-446B-A18C-33048F19E214}.Release|x64.Build.0 = Release|Any CPU
		{9B3914B6-A0BC-446B-A18C-33048F19E214}.Release|x86.ActiveCfg = Release|Any CPU
		{9B3914B6-A0BC-446B-A18C-33048F19E214}.Release|x86.Build.0 = Release|Any CPU
		{0A53C1E7-7E0A-4660-B3C6-A9D02A9322E4}.Debug|Any CPU.ActiveCfg = Debug|Any CPU
		{0A53C1E7-7E0A-4660-B3C6-A9D02A9322E4}.Debug|Any CPU.Build.0 = Debug|Any CPU
		{0A53C1E7-7E0A-4660-B3C6-A9D02A9322E4}.Debug|x64.ActiveCfg = Debug|Any CPU
		{0A53C1E7-7E0A-4660-B3C6-A9D02A9322E4}.Debug|x64.Build.0 = Debug|Any CPU
		{0A53C1E7-7E0A-4660-B3C6-A9D02A9322E4}.Debug|x86.ActiveCfg = Debug|Any CPU
		{0A53C1E7-7E0A-4660-B3C6-A9D02A9322E4}.Debug|x86.Build.0 = Debug|Any CPU
		{0A53C1E7-7E0A-4660-B3C6-A9D02A9322E4}.Release|Any CPU.ActiveCfg = Release|Any CPU
		{0A53C1E7-7E0A-4660-B3C6-A9D02A9322E4}.Release|Any CPU.Build.0 = Release|Any CPU
		{0A53C1E7-7E0A-4660-B3C6-A9D02A9322E4}.Release|x64.ActiveCfg = Release|Any CPU
		{0A53C1E7-7E0A-4660-B3C6-A9D02A9322E4}.Release|x64.Build.0 = Release|Any CPU
		{0A53C1E7-7E0A-4660-B3C6-A9D02A9322E4}.Release|x86.ActiveCfg = Release|Any CPU
		{0A53C1E7-7E0A-4660-B3C6-A9D02A9322E4}.Release|x86.Build.0 = Release|Any CPU
		{9C037CE7-A9AB-4D71-A55C-852C13A1C81C}.Debug|Any CPU.ActiveCfg = Debug|Any CPU
		{9C037CE7-A9AB-4D71-A55C-852C13A1C81C}.Debug|Any CPU.Build.0 = Debug|Any CPU
		{9C037CE7-A9AB-4D71-A55C-852C13A1C81C}.Debug|x64.ActiveCfg = Debug|Any CPU
		{9C037CE7-A9AB-4D71-A55C-852C13A1C81C}.Debug|x64.Build.0 = Debug|Any CPU
		{9C037CE7-A9AB-4D71-A55C-852C13A1C81C}.Debug|x86.ActiveCfg = Debug|Any CPU
		{9C037CE7-A9AB-4D71-A55C-852C13A1C81C}.Debug|x86.Build.0 = Debug|Any CPU
		{9C037CE7-A9AB-4D71-A55C-852C13A1C81C}.Release|Any CPU.ActiveCfg = Release|Any CPU
		{9C037CE7-A9AB-4D71-A55C-852C13A1C81C}.Release|Any CPU.Build.0 = Release|Any CPU
		{9C037CE7-A9AB-4D71-A55C-852C13A1C81C}.Release|x64.ActiveCfg = Release|Any CPU
		{9C037CE7-A9AB-4D71-A55C-852C13A1C81C}.Release|x64.Build.0 = Release|Any CPU
		{9C037CE7-A9AB-4D71-A55C-852C13A1C81C}.Release|x86.ActiveCfg = Release|Any CPU
		{9C037CE7-A9AB-4D71-A55C-852C13A1C81C}.Release|x86.Build.0 = Release|Any CPU
		{BD717F00-BDFC-4DBD-ACE8-78AABDCD7A37}.Debug|Any CPU.ActiveCfg = Debug|Any CPU
		{BD717F00-BDFC-4DBD-ACE8-78AABDCD7A37}.Debug|Any CPU.Build.0 = Debug|Any CPU
		{BD717F00-BDFC-4DBD-ACE8-78AABDCD7A37}.Debug|x64.ActiveCfg = Debug|Any CPU
		{BD717F00-BDFC-4DBD-ACE8-78AABDCD7A37}.Debug|x64.Build.0 = Debug|Any CPU
		{BD717F00-BDFC-4DBD-ACE8-78AABDCD7A37}.Debug|x86.ActiveCfg = Debug|Any CPU
		{BD717F00-BDFC-4DBD-ACE8-78AABDCD7A37}.Debug|x86.Build.0 = Debug|Any CPU
		{BD717F00-BDFC-4DBD-ACE8-78AABDCD7A37}.Release|Any CPU.ActiveCfg = Release|Any CPU
		{BD717F00-BDFC-4DBD-ACE8-78AABDCD7A37}.Release|Any CPU.Build.0 = Release|Any CPU
		{BD717F00-BDFC-4DBD-ACE8-78AABDCD7A37}.Release|x64.ActiveCfg = Release|Any CPU
		{BD717F00-BDFC-4DBD-ACE8-78AABDCD7A37}.Release|x64.Build.0 = Release|Any CPU
		{BD717F00-BDFC-4DBD-ACE8-78AABDCD7A37}.Release|x86.ActiveCfg = Release|Any CPU
		{BD717F00-BDFC-4DBD-ACE8-78AABDCD7A37}.Release|x86.Build.0 = Release|Any CPU
		{8BBA8CC6-51F0-4A3B-8B89-FE323D3DAEE6}.Debug|Any CPU.ActiveCfg = Debug|Any CPU
		{8BBA8CC6-51F0-4A3B-8B89-FE323D3DAEE6}.Debug|Any CPU.Build.0 = Debug|Any CPU
		{8BBA8CC6-51F0-4A3B-8B89-FE323D3DAEE6}.Debug|x64.ActiveCfg = Debug|Any CPU
		{8BBA8CC6-51F0-4A3B-8B89-FE323D3DAEE6}.Debug|x64.Build.0 = Debug|Any CPU
		{8BBA8CC6-51F0-4A3B-8B89-FE323D3DAEE6}.Debug|x86.ActiveCfg = Debug|Any CPU
		{8BBA8CC6-51F0-4A3B-8B89-FE323D3DAEE6}.Debug|x86.Build.0 = Debug|Any CPU
		{8BBA8CC6-51F0-4A3B-8B89-FE323D3DAEE6}.Release|Any CPU.ActiveCfg = Release|Any CPU
		{8BBA8CC6-51F0-4A3B-8B89-FE323D3DAEE6}.Release|Any CPU.Build.0 = Release|Any CPU
		{8BBA8CC6-51F0-4A3B-8B89-FE323D3DAEE6}.Release|x64.ActiveCfg = Release|Any CPU
		{8BBA8CC6-51F0-4A3B-8B89-FE323D3DAEE6}.Release|x64.Build.0 = Release|Any CPU
		{8BBA8CC6-51F0-4A3B-8B89-FE323D3DAEE6}.Release|x86.ActiveCfg = Release|Any CPU
		{8BBA8CC6-51F0-4A3B-8B89-FE323D3DAEE6}.Release|x86.Build.0 = Release|Any CPU
		{7C8F9E1A-9B2C-4D5E-A1B3-C9F8E7D6A5B4}.Debug|Any CPU.ActiveCfg = Debug|Any CPU
		{7C8F9E1A-9B2C-4D5E-A1B3-C9F8E7D6A5B4}.Debug|Any CPU.Build.0 = Debug|Any CPU
		{7C8F9E1A-9B2C-4D5E-A1B3-C9F8E7D6A5B4}.Debug|x64.ActiveCfg = Debug|Any CPU
		{7C8F9E1A-9B2C-4D5E-A1B3-C9F8E7D6A5B4}.Debug|x64.Build.0 = Debug|Any CPU
		{7C8F9E1A-9B2C-4D5E-A1B3-C9F8E7D6A5B4}.Debug|x86.ActiveCfg = Debug|Any CPU
		{7C8F9E1A-9B2C-4D5E-A1B3-C9F8E7D6A5B4}.Debug|x86.Build.0 = Debug|Any CPU
		{7C8F9E1A-9B2C-4D5E-A1B3-C9F8E7D6A5B4}.Release|Any CPU.ActiveCfg = Release|Any CPU
		{7C8F9E1A-9B2C-4D5E-A1B3-C9F8E7D6A5B4}.Release|Any CPU.Build.0 = Release|Any CPU
		{7C8F9E1A-9B2C-4D5E-A1B3-C9F8E7D6A5B4}.Release|x64.ActiveCfg = Release|Any CPU
		{7C8F9E1A-9B2C-4D5E-A1B3-C9F8E7D6A5B4}.Release|x64.Build.0 = Release|Any CPU
		{7C8F9E1A-9B2C-4D5E-A1B3-C9F8E7D6A5B4}.Release|x86.ActiveCfg = Release|Any CPU
		{7C8F9E1A-9B2C-4D5E-A1B3-C9F8E7D6A5B4}.Release|x86.Build.0 = Release|Any CPU
	EndGlobalSection
	GlobalSection(SolutionProperties) = preSolution
		HideSolutionNode = FALSE
	EndGlobalSection
	GlobalSection(NestedProjects) = preSolution
		{9B3914B6-A0BC-446B-A18C-33048F19E214} = {827E0CD3-B72D-47B6-A68D-7590B98EB39B}
		{0A53C1E7-7E0A-4660-B3C6-A9D02A9322E4} = {827E0CD3-B72D-47B6-A68D-7590B98EB39B}
		{9C037CE7-A9AB-4D71-A55C-852C13A1C81C} = {827E0CD3-B72D-47B6-A68D-7590B98EB39B}
		{BD717F00-BDFC-4DBD-ACE8-78AABDCD7A37} = {827E0CD3-B72D-47B6-A68D-7590B98EB39B}
		{A34F188D-FF5F-CC0C-FA83-AFB6C6DEB1CD} = {827E0CD3-B72D-47B6-A68D-7590B98EB39B}
		{8BBA8CC6-51F0-4A3B-8B89-FE323D3DAEE6} = {A34F188D-FF5F-CC0C-FA83-AFB6C6DEB1CD}
		{7C8F9E1A-9B2C-4D5E-A1B3-C9F8E7D6A5B4} = {A34F188D-FF5F-CC0C-FA83-AFB6C6DEB1CD}
	EndGlobalSection
EndGlobal

